
Microsoft Visual Studio Solution File, Format Version 12.00
# Visual Studio Version 17
VisualStudioVersion = 17.11.35222.181
MinimumVisualStudioVersion = 10.0.40219.1
Project("{9A19103F-16F7-4668-BE54-9A1E7A4F7556}") = "BookExcercise", "BugExcercise\BookExcercise.csproj", "{796C389E-00B2-47B9-8353-8CA8D432DC89}"
EndProject
Project("{9A19103F-16F7-4668-BE54-9A1E7A4F7556}") = "CarExcercise", "CarExcercise\CarExcercise.csproj", "{A7155538-EAE6-43F6-9CD7-8988631F2BBB}"
EndProject
Project("{9A19103F-16F7-4668-BE54-9A1E7A4F7556}") = "Authorteht", "Authorteht\Authorteht.csproj", "{380FE47B-DAE8-4969-AEB5-7380865171F2}"
EndProject
Project("{FAE04EC0-301F-11D3-BF4B-00C04F79EFBC}") = "InheritanceExcercise", "InheritanceExcercise\InheritanceExcercise.csproj", "{5C0A98E0-C872-4A56-8331-0CE00567B2E8}"
EndProject
Global
	GlobalSection(SolutionConfigurationPlatforms) = preSolution
		Debug|Any CPU = Debug|Any CPU
		Release|Any CPU = Release|Any CPU
	EndGlobalSection
	GlobalSection(ProjectConfigurationPlatforms) = postSolution
		{796C389E-00B2-47B9-8353-8CA8D432DC89}.Debug|Any CPU.ActiveCfg = Debug|Any CPU
		{796C389E-00B2-47B9-8353-8CA8D432DC89}.Debug|Any CPU.Build.0 = Debug|Any CPU
		{796C389E-00B2-47B9-8353-8CA8D432DC89}.Release|Any CPU.ActiveCfg = Release|Any CPU
		{796C389E-00B2-47B9-8353-8CA8D432DC89}.Release|Any CPU.Build.0 = Release|Any CPU
		{A7155538-EAE6-43F6-9CD7-8988631F2BBB}.Debug|Any CPU.ActiveCfg = Debug|Any CPU
		{A7155538-EAE6-43F6-9CD7-8988631F2BBB}.Debug|Any CPU.Build.0 = Debug|Any CPU
		{A7155538-EAE6-43F6-9CD7-8988631F2BBB}.Release|Any CPU.ActiveCfg = Release|Any CPU
		{A7155538-EAE6-43F6-9CD7-8988631F2BBB}.Release|Any CPU.Build.0 = Release|Any CPU
		{380FE47B-DAE8-4969-AEB5-7380865171F2}.Debug|Any CPU.ActiveCfg = Debug|Any CPU
		{380FE47B-DAE8-4969-AEB5-7380865171F2}.Debug|Any CPU.Build.0 = Debug|Any CPU
		{380FE47B-DAE8-4969-AEB5-7380865171F2}.Release|Any CPU.ActiveCfg = Release|Any CPU
		{380FE47B-DAE8-4969-AEB5-7380865171F2}.Release|Any CPU.Build.0 = Release|Any CPU
		{5C0A98E0-C872-4A56-8331-0CE00567B2E8}.Debug|Any CPU.ActiveCfg = Debug|Any CPU
		{5C0A98E0-C872-4A56-8331-0CE00567B2E8}.Debug|Any CPU.Build.0 = Debug|Any CPU
		{5C0A98E0-C872-4A56-8331-0CE00567B2E8}.Release|Any CPU.ActiveCfg = Release|Any CPU
		{5C0A98E0-C872-4A56-8331-0CE00567B2E8}.Release|Any CPU.Build.0 = Release|Any CPU
	EndGlobalSection
	GlobalSection(SolutionProperties) = preSolution
		HideSolutionNode = FALSE
	EndGlobalSection
	GlobalSection(ExtensibilityGlobals) = postSolution
		SolutionGuid = {30A6968F-10C3-47A0-86C6-EABA26E5444A}
	EndGlobalSection
EndGlobal
